<Solution>
  <Folder Name="/docs/" />
  <Folder Name="/Solution Items/">
    <File Path=".dockerignore" />
    <File Path="docker-compose.yml" />
    <File Path="Dockerfile" />
  </Folder>
  <Folder Name="/src/">
    <Project Path="Ewan.API/Ewan.API.csproj" />
    <Project Path="Ewan.Application/Ewan.Application.csproj" />
    <Project Path="Ewan.Domain/Ewan.Domain.csproj" />
    <Project Path="Ewan.Infrastructure/Ewan.Infrastructure.csproj" />
  </Folder>
</Solution>
